
Microsoft Visual Studio Solution File, Format Version 12.00
# Visual Studio 2012
Project("{FAE04EC0-301F-11D3-BF4B-00C04F79EFBC}") = "SampleBuildApplication", "SampleBuildApplication\SampleBuildApplication.csproj", "{97C6A383-25B3-435F-9D42-8F0C2C5CC79A}"
EndProject
Project("{FAE04EC0-301F-11D3-BF4B-00C04F79EFBC}") = "SampleBuildApplication.Tests", "SampleBuildApplication.Tests\SampleBuildApplication.Tests.csproj", "{DCFE503E-26B7-4437-8A04-C682B1C44E5D}"
EndProject
Project("{FAE04EC0-301F-11D3-BF4B-00C04F79EFBC}") = "SampleBuildApplication.AutomatedTests", "SampleBuildApplication.AutomatedTests\SampleBuildApplication.AutomatedTests.csproj", "{D4C01E10-6825-4C28-8CC6-B9DFD9B2F238}"
EndProject
Global
	GlobalSection(SolutionConfigurationPlatforms) = preSolution
		Debug|Any CPU = Debug|Any CPU
		Release|Any CPU = Release|Any CPU
	EndGlobalSection
	GlobalSection(ProjectConfigurationPlatforms) = postSolution
		{97C6A383-25B3-435F-9D42-8F0C2C5CC79A}.Debug|Any CPU.ActiveCfg = Debug|Any CPU
		{97C6A383-25B3-435F-9D42-8F0C2C5CC79A}.Debug|Any CPU.Build.0 = Debug|Any CPU
		{97C6A383-25B3-435F-9D42-8F0C2C5CC79A}.Release|Any CPU.ActiveCfg = Release|Any CPU
		{97C6A383-25B3-435F-9D42-8F0C2C5CC79A}.Release|Any CPU.Build.0 = Release|Any CPU
		{DCFE503E-26B7-4437-8A04-C682B1C44E5D}.Debug|Any CPU.ActiveCfg = Debug|Any CPU
		{DCFE503E-26B7-4437-8A04-C682B1C44E5D}.Debug|Any CPU.Build.0 = Debug|Any CPU
		{DCFE503E-26B7-4437-8A04-C682B1C44E5D}.Release|Any CPU.ActiveCfg = Release|Any CPU
		{DCFE503E-26B7-4437-8A04-C682B1C44E5D}.Release|Any CPU.Build.0 = Release|Any CPU
		{D4C01E10-6825-4C28-8CC6-B9DFD9B2F238}.Debug|Any CPU.ActiveCfg = Debug|Any CPU
		{D4C01E10-6825-4C28-8CC6-B9DFD9B2F238}.Debug|Any CPU.Build.0 = Debug|Any CPU
		{D4C01E10-6825-4C28-8CC6-B9DFD9B2F238}.Release|Any CPU.ActiveCfg = Release|Any CPU
		{D4C01E10-6825-4C28-8CC6-B9DFD9B2F238}.Release|Any CPU.Build.0 = Release|Any CPU
	EndGlobalSection
	GlobalSection(SolutionProperties) = preSolution
		HideSolutionNode = FALSE
	EndGlobalSection
EndGlobal
